
Microsoft Visual Studio Solution File, Format Version 12.00
# Visual Studio Version 17
VisualStudioVersion = 17.2.32505.173
MinimumVisualStudioVersion = 10.0.40219.1
Project("{9A19103F-16F7-4668-BE54-9A1E7A4F7556}") = "Calendar", "Calendar\Calendar.csproj", "{B4968DB3-5B40-40D9-84AA-B36B97852439}"
EndProject
Project("{9A19103F-16F7-4668-BE54-9A1E7A4F7556}") = "Multiplication", "Multiplication\Multiplication.csproj", "{CC19BE7E-F443-4B0B-9F96-CE30CA461EDA}"
EndProject
Project("{9A19103F-16F7-4668-BE54-9A1E7A4F7556}") = "TempCode", "TempCode\TempCode.csproj", "{1591679C-56DD-429C-BB9D-E39DA2652AD4}"
EndProject
Project("{9A19103F-16F7-4668-BE54-9A1E7A4F7556}") = "HomeWork2Calculator", "HomeWork2Calculator\HomeWork2Calculator.csproj", "{89FAC4FE-8728-480F-979F-7340462CBC9C}"
EndProject
Project("{9A19103F-16F7-4668-BE54-9A1E7A4F7556}") = "TempCode.Cycles", "TempCode.Cycles\TempCode.Cycles.csproj", "{D0D89ED5-93AD-4626-ABA2-6C53F4E69CDD}"
EndProject
Project("{9A19103F-16F7-4668-BE54-9A1E7A4F7556}") = "TempCode.PaintTriangle", "TempCode.PaintTriangle\TempCode.PaintTriangle.csproj", "{04CB59AC-AEDB-441E-AA1F-7F85BCA02544}"
EndProject
Project("{9A19103F-16F7-4668-BE54-9A1E7A4F7556}") = "TempCode.Arrays", "TempCode.Arrays\TempCode.Arrays.csproj", "{0B5E6388-D134-45A6-A32B-BD7EC6599B54}"
EndProject
Project("{9A19103F-16F7-4668-BE54-9A1E7A4F7556}") = "HomeWork3Classes", "HomeWork3Classes\HomeWork3Classes.csproj", "{5000C454-33A5-46F0-B002-AF00145F659B}"
EndProject
Project("{9A19103F-16F7-4668-BE54-9A1E7A4F7556}") = "TempCode.Clases", "TempCode.Clases\TempCode.Clases.csproj", "{C17494D8-1F19-4824-91D9-503510E5D69A}"
EndProject
Project("{9A19103F-16F7-4668-BE54-9A1E7A4F7556}") = "HW3.Classes.Trapeze", "HW3.Classes.Trapeze\HW3.Classes.Trapeze.csproj", "{0C471837-346D-4B43-B885-16268341B92A}"
EndProject
Project("{9A19103F-16F7-4668-BE54-9A1E7A4F7556}") = "HomeWorkRWTransport", "HomeWorkRWTransport\HomeWorkRWTransport.csproj", "{CA9E5641-B119-4284-AAD8-33C32C4A673D}"
EndProject
Project("{9A19103F-16F7-4668-BE54-9A1E7A4F7556}") = "HW.Files", "HW.Files\HW.Files.csproj", "{93EE199B-73B9-4965-B89E-DDFFA84A3C50}"
EndProject
Project("{9A19103F-16F7-4668-BE54-9A1E7A4F7556}") = "HW.String", "HW.String\HW.String.csproj", "{1C3331EC-B907-4B11-BC22-2B4BD0084F7C}"
EndProject
Project("{9A19103F-16F7-4668-BE54-9A1E7A4F7556}") = "Temp.String", "Temp.String\Temp.String.csproj", "{EF95CED7-A321-4D58-A28F-62193C69368E}"
EndProject
Project("{FAE04EC0-301F-11D3-BF4B-00C04F79EFBC}") = "HW.ATC", "HW.ATC\HW.ATC.csproj", "{E09CD0C1-E31F-4E20-8735-5D306AE0DC6B}"
EndProject
Global
	GlobalSection(SolutionConfigurationPlatforms) = preSolution
		Debug|Any CPU = Debug|Any CPU
		Release|Any CPU = Release|Any CPU
	EndGlobalSection
	GlobalSection(ProjectConfigurationPlatforms) = postSolution
		{B4968DB3-5B40-40D9-84AA-B36B97852439}.Debug|Any CPU.ActiveCfg = Debug|Any CPU
		{B4968DB3-5B40-40D9-84AA-B36B97852439}.Debug|Any CPU.Build.0 = Debug|Any CPU
		{B4968DB3-5B40-40D9-84AA-B36B97852439}.Release|Any CPU.ActiveCfg = Release|Any CPU
		{B4968DB3-5B40-40D9-84AA-B36B97852439}.Release|Any CPU.Build.0 = Release|Any CPU
		{CC19BE7E-F443-4B0B-9F96-CE30CA461EDA}.Debug|Any CPU.ActiveCfg = Debug|Any CPU
		{CC19BE7E-F443-4B0B-9F96-CE30CA461EDA}.Debug|Any CPU.Build.0 = Debug|Any CPU
		{CC19BE7E-F443-4B0B-9F96-CE30CA461EDA}.Release|Any CPU.ActiveCfg = Release|Any CPU
		{CC19BE7E-F443-4B0B-9F96-CE30CA461EDA}.Release|Any CPU.Build.0 = Release|Any CPU
		{1591679C-56DD-429C-BB9D-E39DA2652AD4}.Debug|Any CPU.ActiveCfg = Debug|Any CPU
		{1591679C-56DD-429C-BB9D-E39DA2652AD4}.Debug|Any CPU.Build.0 = Debug|Any CPU
		{1591679C-56DD-429C-BB9D-E39DA2652AD4}.Release|Any CPU.ActiveCfg = Release|Any CPU
		{1591679C-56DD-429C-BB9D-E39DA2652AD4}.Release|Any CPU.Build.0 = Release|Any CPU
		{89FAC4FE-8728-480F-979F-7340462CBC9C}.Debug|Any CPU.ActiveCfg = Debug|Any CPU
		{89FAC4FE-8728-480F-979F-7340462CBC9C}.Debug|Any CPU.Build.0 = Debug|Any CPU
		{89FAC4FE-8728-480F-979F-7340462CBC9C}.Release|Any CPU.ActiveCfg = Release|Any CPU
		{89FAC4FE-8728-480F-979F-7340462CBC9C}.Release|Any CPU.Build.0 = Release|Any CPU
		{D0D89ED5-93AD-4626-ABA2-6C53F4E69CDD}.Debug|Any CPU.ActiveCfg = Debug|Any CPU
		{D0D89ED5-93AD-4626-ABA2-6C53F4E69CDD}.Debug|Any CPU.Build.0 = Debug|Any CPU
		{D0D89ED5-93AD-4626-ABA2-6C53F4E69CDD}.Release|Any CPU.ActiveCfg = Release|Any CPU
		{D0D89ED5-93AD-4626-ABA2-6C53F4E69CDD}.Release|Any CPU.Build.0 = Release|Any CPU
		{04CB59AC-AEDB-441E-AA1F-7F85BCA02544}.Debug|Any CPU.ActiveCfg = Debug|Any CPU
		{04CB59AC-AEDB-441E-AA1F-7F85BCA02544}.Debug|Any CPU.Build.0 = Debug|Any CPU
		{04CB59AC-AEDB-441E-AA1F-7F85BCA02544}.Release|Any CPU.ActiveCfg = Release|Any CPU
		{04CB59AC-AEDB-441E-AA1F-7F85BCA02544}.Release|Any CPU.Build.0 = Release|Any CPU
		{0B5E6388-D134-45A6-A32B-BD7EC6599B54}.Debug|Any CPU.ActiveCfg = Debug|Any CPU
		{0B5E6388-D134-45A6-A32B-BD7EC6599B54}.Debug|Any CPU.Build.0 = Debug|Any CPU
		{0B5E6388-D134-45A6-A32B-BD7EC6599B54}.Release|Any CPU.ActiveCfg = Release|Any CPU
		{0B5E6388-D134-45A6-A32B-BD7EC6599B54}.Release|Any CPU.Build.0 = Release|Any CPU
		{5000C454-33A5-46F0-B002-AF00145F659B}.Debug|Any CPU.ActiveCfg = Debug|Any CPU
		{5000C454-33A5-46F0-B002-AF00145F659B}.Debug|Any CPU.Build.0 = Debug|Any CPU
		{5000C454-33A5-46F0-B002-AF00145F659B}.Release|Any CPU.ActiveCfg = Release|Any CPU
		{5000C454-33A5-46F0-B002-AF00145F659B}.Release|Any CPU.Build.0 = Release|Any CPU
		{C17494D8-1F19-4824-91D9-503510E5D69A}.Debug|Any CPU.ActiveCfg = Debug|Any CPU
		{C17494D8-1F19-4824-91D9-503510E5D69A}.Debug|Any CPU.Build.0 = Debug|Any CPU
		{C17494D8-1F19-4824-91D9-503510E5D69A}.Release|Any CPU.ActiveCfg = Release|Any CPU
		{C17494D8-1F19-4824-91D9-503510E5D69A}.Release|Any CPU.Build.0 = Release|Any CPU
		{0C471837-346D-4B43-B885-16268341B92A}.Debug|Any CPU.ActiveCfg = Debug|Any CPU
		{0C471837-346D-4B43-B885-16268341B92A}.Debug|Any CPU.Build.0 = Debug|Any CPU
		{0C471837-346D-4B43-B885-16268341B92A}.Release|Any CPU.ActiveCfg = Release|Any CPU
		{0C471837-346D-4B43-B885-16268341B92A}.Release|Any CPU.Build.0 = Release|Any CPU
		{CA9E5641-B119-4284-AAD8-33C32C4A673D}.Debug|Any CPU.ActiveCfg = Debug|Any CPU
		{CA9E5641-B119-4284-AAD8-33C32C4A673D}.Debug|Any CPU.Build.0 = Debug|Any CPU
		{CA9E5641-B119-4284-AAD8-33C32C4A673D}.Release|Any CPU.ActiveCfg = Release|Any CPU
		{CA9E5641-B119-4284-AAD8-33C32C4A673D}.Release|Any CPU.Build.0 = Release|Any CPU
		{93EE199B-73B9-4965-B89E-DDFFA84A3C50}.Debug|Any CPU.ActiveCfg = Debug|Any CPU
		{93EE199B-73B9-4965-B89E-DDFFA84A3C50}.Debug|Any CPU.Build.0 = Debug|Any CPU
		{93EE199B-73B9-4965-B89E-DDFFA84A3C50}.Release|Any CPU.ActiveCfg = Release|Any CPU
		{93EE199B-73B9-4965-B89E-DDFFA84A3C50}.Release|Any CPU.Build.0 = Release|Any CPU
		{1C3331EC-B907-4B11-BC22-2B4BD0084F7C}.Debug|Any CPU.ActiveCfg = Debug|Any CPU
		{1C3331EC-B907-4B11-BC22-2B4BD0084F7C}.Debug|Any CPU.Build.0 = Debug|Any CPU
		{1C3331EC-B907-4B11-BC22-2B4BD0084F7C}.Release|Any CPU.ActiveCfg = Release|Any CPU
		{1C3331EC-B907-4B11-BC22-2B4BD0084F7C}.Release|Any CPU.Build.0 = Release|Any CPU
		{EF95CED7-A321-4D58-A28F-62193C69368E}.Debug|Any CPU.ActiveCfg = Debug|Any CPU
		{EF95CED7-A321-4D58-A28F-62193C69368E}.Debug|Any CPU.Build.0 = Debug|Any CPU
		{EF95CED7-A321-4D58-A28F-62193C69368E}.Release|Any CPU.ActiveCfg = Release|Any CPU
		{EF95CED7-A321-4D58-A28F-62193C69368E}.Release|Any CPU.Build.0 = Release|Any CPU
		{E09CD0C1-E31F-4E20-8735-5D306AE0DC6B}.Debug|Any CPU.ActiveCfg = Debug|Any CPU
		{E09CD0C1-E31F-4E20-8735-5D306AE0DC6B}.Debug|Any CPU.Build.0 = Debug|Any CPU
		{E09CD0C1-E31F-4E20-8735-5D306AE0DC6B}.Release|Any CPU.ActiveCfg = Release|Any CPU
		{E09CD0C1-E31F-4E20-8735-5D306AE0DC6B}.Release|Any CPU.Build.0 = Release|Any CPU
	EndGlobalSection
	GlobalSection(SolutionProperties) = preSolution
		HideSolutionNode = FALSE
	EndGlobalSection
	GlobalSection(ExtensibilityGlobals) = postSolution
		SolutionGuid = {1E46B876-5483-4962-B47B-3FE868AEBE5D}
	EndGlobalSection
EndGlobal
